
Microsoft Visual Studio Solution File, Format Version 12.00
# Visual Studio 15
VisualStudioVersion = 15.0.26730.16
MinimumVisualStudioVersion = 10.0.40219.1
Project("{FAE04EC0-301F-11D3-BF4B-00C04F79EFBC}") = "dronestream.Android", "dronestream\dronestream.Android\dronestream.Android.csproj", "{4806F877-95D8-498A-BFD0-2D6F8816170A}"
EndProject
Project("{FAE04EC0-301F-11D3-BF4B-00C04F79EFBC}") = "dronestream", "dronestream\dronestream\dronestream.csproj", "{B2A4AF46-C223-4C43-B94C-7C816C0CCC39}"
EndProject
Project("{FAE04EC0-301F-11D3-BF4B-00C04F79EFBC}") = "dronestream.UWP", "dronestream\dronestream.UWP\dronestream.UWP.csproj", "{7B89E786-5AE6-4706-9FF2-38A342AD69D2}"
EndProject
Project("{FAE04EC0-301F-11D3-BF4B-00C04F79EFBC}") = "dronestream.iOS", "dronestream\dronestream.iOS\dronestream.iOS.csproj", "{E1278260-FD06-4001-97F6-A8731FE1D9AA}"
EndProject
Global
	GlobalSection(SolutionConfigurationPlatforms) = preSolution
		Ad-Hoc|Any CPU = Ad-Hoc|Any CPU
		Ad-Hoc|ARM = Ad-Hoc|ARM
		Ad-Hoc|iPhone = Ad-Hoc|iPhone
		Ad-Hoc|iPhoneSimulator = Ad-Hoc|iPhoneSimulator
		Ad-Hoc|x64 = Ad-Hoc|x64
		Ad-Hoc|x86 = Ad-Hoc|x86
		AppStore|Any CPU = AppStore|Any CPU
		AppStore|ARM = AppStore|ARM
		AppStore|iPhone = AppStore|iPhone
		AppStore|iPhoneSimulator = AppStore|iPhoneSimulator
		AppStore|x64 = AppStore|x64
		AppStore|x86 = AppStore|x86
		Debug|Any CPU = Debug|Any CPU
		Debug|ARM = Debug|ARM
		Debug|iPhone = Debug|iPhone
		Debug|iPhoneSimulator = Debug|iPhoneSimulator
		Debug|x64 = Debug|x64
		Debug|x86 = Debug|x86
		Release|Any CPU = Release|Any CPU
		Release|ARM = Release|ARM
		Release|iPhone = Release|iPhone
		Release|iPhoneSimulator = Release|iPhoneSimulator
		Release|x64 = Release|x64
		Release|x86 = Release|x86
	EndGlobalSection
	GlobalSection(ProjectConfigurationPlatforms) = postSolution
		{4806F877-95D8-498A-BFD0-2D6F8816170A}.Ad-Hoc|Any CPU.ActiveCfg = Release|Any CPU
		{4806F877-95D8-498A-BFD0-2D6F8816170A}.Ad-Hoc|Any CPU.Build.0 = Release|Any CPU
		{4806F877-95D8-498A-BFD0-2D6F8816170A}.Ad-Hoc|Any CPU.Deploy.0 = Release|Any CPU
		{4806F877-95D8-498A-BFD0-2D6F8816170A}.Ad-Hoc|ARM.ActiveCfg = Release|Any CPU
		{4806F877-95D8-498A-BFD0-2D6F8816170A}.Ad-Hoc|ARM.Build.0 = Release|Any CPU
		{4806F877-95D8-498A-BFD0-2D6F8816170A}.Ad-Hoc|ARM.Deploy.0 = Release|Any CPU
		{4806F877-95D8-498A-BFD0-2D6F8816170A}.Ad-Hoc|iPhone.ActiveCfg = Release|Any CPU
		{4806F877-95D8-498A-BFD0-2D6F8816170A}.Ad-Hoc|iPhone.Build.0 = Release|Any CPU
		{4806F877-95D8-498A-BFD0-2D6F8816170A}.Ad-Hoc|iPhone.Deploy.0 = Release|Any CPU
		{4806F877-95D8-498A-BFD0-2D6F8816170A}.Ad-Hoc|iPhoneSimulator.ActiveCfg = Release|Any CPU
		{4806F877-95D8-498A-BFD0-2D6F8816170A}.Ad-Hoc|iPhoneSimulator.Build.0 = Release|Any CPU
		{4806F877-95D8-498A-BFD0-2D6F8816170A}.Ad-Hoc|iPhoneSimulator.Deploy.0 = Release|Any CPU
		{4806F877-95D8-498A-BFD0-2D6F8816170A}.Ad-Hoc|x64.ActiveCfg = Release|Any CPU
		{4806F877-95D8-498A-BFD0-2D6F8816170A}.Ad-Hoc|x64.Build.0 = Release|Any CPU
		{4806F877-95D8-498A-BFD0-2D6F8816170A}.Ad-Hoc|x64.Deploy.0 = Release|Any CPU
		{4806F877-95D8-498A-BFD0-2D6F8816170A}.Ad-Hoc|x86.ActiveCfg = Release|Any CPU
		{4806F877-95D8-498A-BFD0-2D6F8816170A}.Ad-Hoc|x86.Build.0 = Release|Any CPU
		{4806F877-95D8-498A-BFD0-2D6F8816170A}.Ad-Hoc|x86.Deploy.0 = Release|Any CPU
		{4806F877-95D8-498A-BFD0-2D6F8816170A}.AppStore|Any CPU.ActiveCfg = Release|Any CPU
		{4806F877-95D8-498A-BFD0-2D6F8816170A}.AppStore|Any CPU.Build.0 = Release|Any CPU
		{4806F877-95D8-498A-BFD0-2D6F8816170A}.AppStore|Any CPU.Deploy.0 = Release|Any CPU
		{4806F877-95D8-498A-BFD0-2D6F8816170A}.AppStore|ARM.ActiveCfg = Release|Any CPU
		{4806F877-95D8-498A-BFD0-2D6F8816170A}.AppStore|ARM.Build.0 = Release|Any CPU
		{4806F877-95D8-498A-BFD0-2D6F8816170A}.AppStore|ARM.Deploy.0 = Release|Any CPU
		{4806F877-95D8-498A-BFD0-2D6F8816170A}.AppStore|iPhone.ActiveCfg = Release|Any CPU
		{4806F877-95D8-498A-BFD0-2D6F8816170A}.AppStore|iPhone.Build.0 = Release|Any CPU
		{4806F877-95D8-498A-BFD0-2D6F8816170A}.AppStore|iPhone.Deploy.0 = Release|Any CPU
		{4806F877-95D8-498A-BFD0-2D6F8816170A}.AppStore|iPhoneSimulator.ActiveCfg = Release|Any CPU
		{4806F877-95D8-498A-BFD0-2D6F8816170A}.AppStore|iPhoneSimulator.Build.0 = Release|Any CPU
		{4806F877-95D8-498A-BFD0-2D6F8816170A}.AppStore|iPhoneSimulator.Deploy.0 = Release|Any CPU
		{4806F877-95D8-498A-BFD0-2D6F8816170A}.AppStore|x64.ActiveCfg = Release|Any CPU
		{4806F877-95D8-498A-BFD0-2D6F8816170A}.AppStore|x64.Build.0 = Release|Any CPU
		{4806F877-95D8-498A-BFD0-2D6F8816170A}.AppStore|x64.Deploy.0 = Release|Any CPU
		{4806F877-95D8-498A-BFD0-2D6F8816170A}.AppStore|x86.ActiveCfg = Release|Any CPU
		{4806F877-95D8-498A-BFD0-2D6F8816170A}.AppStore|x86.Build.0 = Release|Any CPU
		{4806F877-95D8-498A-BFD0-2D6F8816170A}.AppStore|x86.Deploy.0 = Release|Any CPU
		{4806F877-95D8-498A-BFD0-2D6F8816170A}.Debug|Any CPU.ActiveCfg = Debug|Any CPU
		{4806F877-95D8-498A-BFD0-2D6F8816170A}.Debug|Any CPU.Build.0 = Debug|Any CPU
		{4806F877-95D8-498A-BFD0-2D6F8816170A}.Debug|Any CPU.Deploy.0 = Debug|Any CPU
		{4806F877-95D8-498A-BFD0-2D6F8816170A}.Debug|ARM.ActiveCfg = Debug|Any CPU
		{4806F877-95D8-498A-BFD0-2D6F8816170A}.Debug|ARM.Build.0 = Debug|Any CPU
		{4806F877-95D8-498A-BFD0-2D6F8816170A}.Debug|ARM.Deploy.0 = Debug|Any CPU
		{4806F877-95D8-498A-BFD0-2D6F8816170A}.Debug|iPhone.ActiveCfg = Debug|Any CPU
		{4806F877-95D8-498A-BFD0-2D6F8816170A}.Debug|iPhone.Build.0 = Debug|Any CPU
		{4806F877-95D8-498A-BFD0-2D6F8816170A}.Debug|iPhone.Deploy.0 = Debug|Any CPU
		{4806F877-95D8-498A-BFD0-2D6F8816170A}.Debug|iPhoneSimulator.ActiveCfg = Debug|Any CPU
		{4806F877-95D8-498A-BFD0-2D6F8816170A}.Debug|iPhoneSimulator.Build.0 = Debug|Any CPU
		{4806F877-95D8-498A-BFD0-2D6F8816170A}.Debug|iPhoneSimulator.Deploy.0 = Debug|Any CPU
		{4806F877-95D8-498A-BFD0-2D6F8816170A}.Debug|x64.ActiveCfg = Debug|Any CPU
		{4806F877-95D8-498A-BFD0-2D6F8816170A}.Debug|x64.Build.0 = Debug|Any CPU
		{4806F877-95D8-498A-BFD0-2D6F8816170A}.Debug|x64.Deploy.0 = Debug|Any CPU
		{4806F877-95D8-498A-BFD0-2D6F8816170A}.Debug|x86.ActiveCfg = Debug|Any CPU
		{4806F877-95D8-498A-BFD0-2D6F8816170A}.Debug|x86.Build.0 = Debug|Any CPU
		{4806F877-95D8-498A-BFD0-2D6F8816170A}.Debug|x86.Deploy.0 = Debug|Any CPU
		{4806F877-95D8-498A-BFD0-2D6F8816170A}.Release|Any CPU.ActiveCfg = Release|Any CPU
		{4806F877-95D8-498A-BFD0-2D6F8816170A}.Release|Any CPU.Build.0 = Release|Any CPU
		{4806F877-95D8-498A-BFD0-2D6F8816170A}.Release|Any CPU.Deploy.0 = Release|Any CPU
		{4806F877-95D8-498A-BFD0-2D6F8816170A}.Release|ARM.ActiveCfg = Release|Any CPU
		{4806F877-95D8-498A-BFD0-2D6F8816170A}.Release|ARM.Build.0 = Release|Any CPU
		{4806F877-95D8-498A-BFD0-2D6F8816170A}.Release|ARM.Deploy.0 = Release|Any CPU
		{4806F877-95D8-498A-BFD0-2D6F8816170A}.Release|iPhone.ActiveCfg = Release|Any CPU
		{4806F877-95D8-498A-BFD0-2D6F8816170A}.Release|iPhone.Build.0 = Release|Any CPU
		{4806F877-95D8-498A-BFD0-2D6F8816170A}.Release|iPhone.Deploy.0 = Release|Any CPU
		{4806F877-95D8-498A-BFD0-2D6F8816170A}.Release|iPhoneSimulator.ActiveCfg = Release|Any CPU
		{4806F877-95D8-498A-BFD0-2D6F8816170A}.Release|iPhoneSimulator.Build.0 = Release|Any CPU
		{4806F877-95D8-498A-BFD0-2D6F8816170A}.Release|iPhoneSimulator.Deploy.0 = Release|Any CPU
		{4806F877-95D8-498A-BFD0-2D6F8816170A}.Release|x64.ActiveCfg = Release|Any CPU
		{4806F877-95D8-498A-BFD0-2D6F8816170A}.Release|x64.Build.0 = Release|Any CPU
		{4806F877-95D8-498A-BFD0-2D6F8816170A}.Release|x64.Deploy.0 = Release|Any CPU
		{4806F877-95D8-498A-BFD0-2D6F8816170A}.Release|x86.ActiveCfg = Release|Any CPU
		{4806F877-95D8-498A-BFD0-2D6F8816170A}.Release|x86.Build.0 = Release|Any CPU
		{4806F877-95D8-498A-BFD0-2D6F8816170A}.Release|x86.Deploy.0 = Release|Any CPU
		{B2A4AF46-C223-4C43-B94C-7C816C0CCC39}.Ad-Hoc|Any CPU.ActiveCfg = Release|Any CPU
		{B2A4AF46-C223-4C43-B94C-7C816C0CCC39}.Ad-Hoc|Any CPU.Build.0 = Release|Any CPU
		{B2A4AF46-C223-4C43-B94C-7C816C0CCC39}.Ad-Hoc|ARM.ActiveCfg = Release|Any CPU
		{B2A4AF46-C223-4C43-B94C-7C816C0CCC39}.Ad-Hoc|ARM.Build.0 = Release|Any CPU
		{B2A4AF46-C223-4C43-B94C-7C816C0CCC39}.Ad-Hoc|iPhone.ActiveCfg = Release|Any CPU
		{B2A4AF46-C223-4C43-B94C-7C816C0CCC39}.Ad-Hoc|iPhone.Build.0 = Release|Any CPU
		{B2A4AF46-C223-4C43-B94C-7C816C0CCC39}.Ad-Hoc|iPhoneSimulator.ActiveCfg = Release|Any CPU
		{B2A4AF46-C223-4C43-B94C-7C816C0CCC39}.Ad-Hoc|iPhoneSimulator.Build.0 = Release|Any CPU
		{B2A4AF46-C223-4C43-B94C-7C816C0CCC39}.Ad-Hoc|x64.ActiveCfg = Release|Any CPU
		{B2A4AF46-C223-4C43-B94C-7C816C0CCC39}.Ad-Hoc|x64.Build.0 = Release|Any CPU
		{B2A4AF46-C223-4C43-B94C-7C816C0CCC39}.Ad-Hoc|x86.ActiveCfg = Release|Any CPU
		{B2A4AF46-C223-4C43-B94C-7C816C0CCC39}.Ad-Hoc|x86.Build.0 = Release|Any CPU
		{B2A4AF46-C223-4C43-B94C-7C816C0CCC39}.AppStore|Any CPU.ActiveCfg = Release|Any CPU
		{B2A4AF46-C223-4C43-B94C-7C816C0CCC39}.AppStore|Any CPU.Build.0 = Release|Any CPU
		{B2A4AF46-C223-4C43-B94C-7C816C0CCC39}.AppStore|ARM.ActiveCfg = Release|Any CPU
		{B2A4AF46-C223-4C43-B94C-7C816C0CCC39}.AppStore|ARM.Build.0 = Release|Any CPU
		{B2A4AF46-C223-4C43-B94C-7C816C0CCC39}.AppStore|iPhone.ActiveCfg = Release|Any CPU
		{B2A4AF46-C223-4C43-B94C-7C816C0CCC39}.AppStore|iPhone.Build.0 = Release|Any CPU
		{B2A4AF46-C223-4C43-B94C-7C816C0CCC39}.AppStore|iPhoneSimulator.ActiveCfg = Release|Any CPU
		{B2A4AF46-C223-4C43-B94C-7C816C0CCC39}.AppStore|iPhoneSimulator.Build.0 = Release|Any CPU
		{B2A4AF46-C223-4C43-B94C-7C816C0CCC39}.AppStore|x64.ActiveCfg = Release|Any CPU
		{B2A4AF46-C223-4C43-B94C-7C816C0CCC39}.AppStore|x64.Build.0 = Release|Any CPU
		{B2A4AF46-C223-4C43-B94C-7C816C0CCC39}.AppStore|x86.ActiveCfg = Release|Any CPU
		{B2A4AF46-C223-4C43-B94C-7C816C0CCC39}.AppStore|x86.Build.0 = Release|Any CPU
		{B2A4AF46-C223-4C43-B94C-7C816C0CCC39}.Debug|Any CPU.ActiveCfg = Debug|Any CPU
		{B2A4AF46-C223-4C43-B94C-7C816C0CCC39}.Debug|Any CPU.Build.0 = Debug|Any CPU
		{B2A4AF46-C223-4C43-B94C-7C816C0CCC39}.Debug|ARM.ActiveCfg = Debug|Any CPU
		{B2A4AF46-C223-4C43-B94C-7C816C0CCC39}.Debug|ARM.Build.0 = Debug|Any CPU
		{B2A4AF46-C223-4C43-B94C-7C816C0CCC39}.Debug|iPhone.ActiveCfg = Debug|Any CPU
		{B2A4AF46-C223-4C43-B94C-7C816C0CCC39}.Debug|iPhone.Build.0 = Debug|Any CPU
		{B2A4AF46-C223-4C43-B94C-7C816C0CCC39}.Debug|iPhoneSimulator.ActiveCfg = Debug|Any CPU
		{B2A4AF46-C223-4C43-B94C-7C816C0CCC39}.Debug|iPhoneSimulator.Build.0 = Debug|Any CPU
		{B2A4AF46-C223-4C43-B94C-7C816C0CCC39}.Debug|x64.ActiveCfg = Debug|Any CPU
		{B2A4AF46-C223-4C43-B94C-7C816C0CCC39}.Debug|x64.Build.0 = Debug|Any CPU
		{B2A4AF46-C223-4C43-B94C-7C816C0CCC39}.Debug|x86.ActiveCfg = Debug|Any CPU
		{B2A4AF46-C223-4C43-B94C-7C816C0CCC39}.Debug|x86.Build.0 = Debug|Any CPU
		{B2A4AF46-C223-4C43-B94C-7C816C0CCC39}.Release|Any CPU.ActiveCfg = Release|Any CPU
		{B2A4AF46-C223-4C43-B94C-7C816C0CCC39}.Release|Any CPU.Build.0 = Release|Any CPU
		{B2A4AF46-C223-4C43-B94C-7C816C0CCC39}.Release|ARM.ActiveCfg = Release|Any CPU
		{B2A4AF46-C223-4C43-B94C-7C816C0CCC39}.Release|ARM.Build.0 = Release|Any CPU
		{B2A4AF46-C223-4C43-B94C-7C816C0CCC39}.Release|iPhone.ActiveCfg = Release|Any CPU
		{B2A4AF46-C223-4C43-B94C-7C816C0CCC39}.Release|iPhone.Build.0 = Release|Any CPU
		{B2A4AF46-C223-4C43-B94C-7C816C0CCC39}.Release|iPhoneSimulator.ActiveCfg = Release|Any CPU
		{B2A4AF46-C223-4C43-B94C-7C816C0CCC39}.Release|iPhoneSimulator.Build.0 = Release|Any CPU
		{B2A4AF46-C223-4C43-B94C-7C816C0CCC39}.Release|x64.ActiveCfg = Release|Any CPU
		{B2A4AF46-C223-4C43-B94C-7C816C0CCC39}.Release|x64.Build.0 = Release|Any CPU
		{B2A4AF46-C223-4C43-B94C-7C816C0CCC39}.Release|x86.ActiveCfg = Release|Any CPU
		{B2A4AF46-C223-4C43-B94C-7C816C0CCC39}.Release|x86.Build.0 = Release|Any CPU
		{7B89E786-5AE6-4706-9FF2-38A342AD69D2}.Ad-Hoc|Any CPU.ActiveCfg = Release|x86
		{7B89E786-5AE6-4706-9FF2-38A342AD69D2}.Ad-Hoc|Any CPU.Build.0 = Release|x86
		{7B89E786-5AE6-4706-9FF2-38A342AD69D2}.Ad-Hoc|Any CPU.Deploy.0 = Release|x86
		{7B89E786-5AE6-4706-9FF2-38A342AD69D2}.Ad-Hoc|ARM.ActiveCfg = Release|ARM
		{7B89E786-5AE6-4706-9FF2-38A342AD69D2}.Ad-Hoc|ARM.Build.0 = Release|ARM
		{7B89E786-5AE6-4706-9FF2-38A342AD69D2}.Ad-Hoc|ARM.Deploy.0 = Release|ARM
		{7B89E786-5AE6-4706-9FF2-38A342AD69D2}.Ad-Hoc|iPhone.ActiveCfg = Release|x86
		{7B89E786-5AE6-4706-9FF2-38A342AD69D2}.Ad-Hoc|iPhone.Build.0 = Release|x86
		{7B89E786-5AE6-4706-9FF2-38A342AD69D2}.Ad-Hoc|iPhone.Deploy.0 = Release|x86
		{7B89E786-5AE6-4706-9FF2-38A342AD69D2}.Ad-Hoc|iPhoneSimulator.ActiveCfg = Release|x86
		{7B89E786-5AE6-4706-9FF2-38A342AD69D2}.Ad-Hoc|iPhoneSimulator.Build.0 = Release|x86
		{7B89E786-5AE6-4706-9FF2-38A342AD69D2}.Ad-Hoc|iPhoneSimulator.Deploy.0 = Release|x86
		{7B89E786-5AE6-4706-9FF2-38A342AD69D2}.Ad-Hoc|x64.ActiveCfg = Release|x64
		{7B89E786-5AE6-4706-9FF2-38A342AD69D2}.Ad-Hoc|x64.Build.0 = Release|x64
		{7B89E786-5AE6-4706-9FF2-38A342AD69D2}.Ad-Hoc|x64.Deploy.0 = Release|x64
		{7B89E786-5AE6-4706-9FF2-38A342AD69D2}.Ad-Hoc|x86.ActiveCfg = Release|x86
		{7B89E786-5AE6-4706-9FF2-38A342AD69D2}.Ad-Hoc|x86.Build.0 = Release|x86
		{7B89E786-5AE6-4706-9FF2-38A342AD69D2}.Ad-Hoc|x86.Deploy.0 = Release|x86
		{7B89E786-5AE6-4706-9FF2-38A342AD69D2}.AppStore|Any CPU.ActiveCfg = Release|x86
		{7B89E786-5AE6-4706-9FF2-38A342AD69D2}.AppStore|Any CPU.Build.0 = Release|x86
		{7B89E786-5AE6-4706-9FF2-38A342AD69D2}.AppStore|Any CPU.Deploy.0 = Release|x86
		{7B89E786-5AE6-4706-9FF2-38A342AD69D2}.AppStore|ARM.ActiveCfg = Release|ARM
		{7B89E786-5AE6-4706-9FF2-38A342AD69D2}.AppStore|ARM.Build.0 = Release|ARM
		{7B89E786-5AE6-4706-9FF2-38A342AD69D2}.AppStore|ARM.Deploy.0 = Release|ARM
		{7B89E786-5AE6-4706-9FF2-38A342AD69D2}.AppStore|iPhone.ActiveCfg = Release|x86
		{7B89E786-5AE6-4706-9FF2-38A342AD69D2}.AppStore|iPhone.Build.0 = Release|x86
		{7B89E786-5AE6-4706-9FF2-38A342AD69D2}.AppStore|iPhone.Deploy.0 = Release|x86
		{7B89E786-5AE6-4706-9FF2-38A342AD69D2}.AppStore|iPhoneSimulator.ActiveCfg = Release|x86
		{7B89E786-5AE6-4706-9FF2-38A342AD69D2}.AppStore|iPhoneSimulator.Build.0 = Release|x86
		{7B89E786-5AE6-4706-9FF2-38A342AD69D2}.AppStore|iPhoneSimulator.Deploy.0 = Release|x86
		{7B89E786-5AE6-4706-9FF2-38A342AD69D2}.AppStore|x64.ActiveCfg = Release|x64
		{7B89E786-5AE6-4706-9FF2-38A342AD69D2}.AppStore|x64.Build.0 = Release|x64
		{7B89E786-5AE6-4706-9FF2-38A342AD69D2}.AppStore|x64.Deploy.0 = Release|x64
		{7B89E786-5AE6-4706-9FF2-38A342AD69D2}.AppStore|x86.ActiveCfg = Release|x86
		{7B89E786-5AE6-4706-9FF2-38A342AD69D2}.AppStore|x86.Build.0 = Release|x86
		{7B89E786-5AE6-4706-9FF2-38A342AD69D2}.AppStore|x86.Deploy.0 = Release|x86
		{7B89E786-5AE6-4706-9FF2-38A342AD69D2}.Debug|Any CPU.ActiveCfg = Debug|x86
		{7B89E786-5AE6-4706-9FF2-38A342AD69D2}.Debug|ARM.ActiveCfg = Debug|ARM
		{7B89E786-5AE6-4706-9FF2-38A342AD69D2}.Debug|ARM.Build.0 = Debug|ARM
		{7B89E786-5AE6-4706-9FF2-38A342AD69D2}.Debug|ARM.Deploy.0 = Debug|ARM
		{7B89E786-5AE6-4706-9FF2-38A342AD69D2}.Debug|iPhone.ActiveCfg = Debug|x86
		{7B89E786-5AE6-4706-9FF2-38A342AD69D2}.Debug|iPhoneSimulator.ActiveCfg = Debug|x86
		{7B89E786-5AE6-4706-9FF2-38A342AD69D2}.Debug|x64.ActiveCfg = Debug|x64
		{7B89E786-5AE6-4706-9FF2-38A342AD69D2}.Debug|x64.Build.0 = Debug|x64
		{7B89E786-5AE6-4706-9FF2-38A342AD69D2}.Debug|x64.Deploy.0 = Debug|x64
		{7B89E786-5AE6-4706-9FF2-38A342AD69D2}.Debug|x86.ActiveCfg = Debug|x86
		{7B89E786-5AE6-4706-9FF2-38A342AD69D2}.Debug|x86.Build.0 = Debug|x86
		{7B89E786-5AE6-4706-9FF2-38A342AD69D2}.Debug|x86.Deploy.0 = Debug|x86
		{7B89E786-5AE6-4706-9FF2-38A342AD69D2}.Release|Any CPU.ActiveCfg = Release|x86
		{7B89E786-5AE6-4706-9FF2-38A342AD69D2}.Release|ARM.ActiveCfg = Release|ARM
		{7B89E786-5AE6-4706-9FF2-38A342AD69D2}.Release|ARM.Build.0 = Release|ARM
		{7B89E786-5AE6-4706-9FF2-38A342AD69D2}.Release|ARM.Deploy.0 = Release|ARM
		{7B89E786-5AE6-4706-9FF2-38A342AD69D2}.Release|iPhone.ActiveCfg = Release|x86
		{7B89E786-5AE6-4706-9FF2-38A342AD69D2}.Release|iPhoneSimulator.ActiveCfg = Release|x86
		{7B89E786-5AE6-4706-9FF2-38A342AD69D2}.Release|x64.ActiveCfg = Release|x64
		{7B89E786-5AE6-4706-9FF2-38A342AD69D2}.Release|x64.Build.0 = Release|x64
		{7B89E786-5AE6-4706-9FF2-38A342AD69D2}.Release|x64.Deploy.0 = Release|x64
		{7B89E786-5AE6-4706-9FF2-38A342AD69D2}.Release|x86.ActiveCfg = Release|x86
		{7B89E786-5AE6-4706-9FF2-38A342AD69D2}.Release|x86.Build.0 = Release|x86
		{7B89E786-5AE6-4706-9FF2-38A342AD69D2}.Release|x86.Deploy.0 = Release|x86
		{E1278260-FD06-4001-97F6-A8731FE1D9AA}.Ad-Hoc|Any CPU.ActiveCfg = Ad-Hoc|iPhone
		{E1278260-FD06-4001-97F6-A8731FE1D9AA}.Ad-Hoc|ARM.ActiveCfg = Ad-Hoc|iPhone
		{E1278260-FD06-4001-97F6-A8731FE1D9AA}.Ad-Hoc|iPhone.ActiveCfg = Ad-Hoc|iPhone
		{E1278260-FD06-4001-97F6-A8731FE1D9AA}.Ad-Hoc|iPhone.Build.0 = Ad-Hoc|iPhone
		{E1278260-FD06-4001-97F6-A8731FE1D9AA}.Ad-Hoc|iPhoneSimulator.ActiveCfg = Ad-Hoc|iPhoneSimulator
		{E1278260-FD06-4001-97F6-A8731FE1D9AA}.Ad-Hoc|iPhoneSimulator.Build.0 = Ad-Hoc|iPhoneSimulator
		{E1278260-FD06-4001-97F6-A8731FE1D9AA}.Ad-Hoc|x64.ActiveCfg = Ad-Hoc|iPhone
		{E1278260-FD06-4001-97F6-A8731FE1D9AA}.Ad-Hoc|x86.ActiveCfg = Ad-Hoc|iPhone
		{E1278260-FD06-4001-97F6-A8731FE1D9AA}.AppStore|Any CPU.ActiveCfg = AppStore|iPhone
		{E1278260-FD06-4001-97F6-A8731FE1D9AA}.AppStore|ARM.ActiveCfg = AppStore|iPhone
		{E1278260-FD06-4001-97F6-A8731FE1D9AA}.AppStore|iPhone.ActiveCfg = AppStore|iPhone
		{E1278260-FD06-4001-97F6-A8731FE1D9AA}.AppStore|iPhone.Build.0 = AppStore|iPhone
		{E1278260-FD06-4001-97F6-A8731FE1D9AA}.AppStore|iPhoneSimulator.ActiveCfg = AppStore|iPhoneSimulator
		{E1278260-FD06-4001-97F6-A8731FE1D9AA}.AppStore|iPhoneSimulator.Build.0 = AppStore|iPhoneSimulator
		{E1278260-FD06-4001-97F6-A8731FE1D9AA}.AppStore|x64.ActiveCfg = AppStore|iPhone
		{E1278260-FD06-4001-97F6-A8731FE1D9AA}.AppStore|x86.ActiveCfg = AppStore|iPhone
		{E1278260-FD06-4001-97F6-A8731FE1D9AA}.Debug|Any CPU.ActiveCfg = Debug|iPhone
		{E1278260-FD06-4001-97F6-A8731FE1D9AA}.Debug|ARM.ActiveCfg = Debug|iPhone
		{E1278260-FD06-4001-97F6-A8731FE1D9AA}.Debug|iPhone.ActiveCfg = Debug|iPhone
		{E1278260-FD06-4001-97F6-A8731FE1D9AA}.Debug|iPhone.Build.0 = Debug|iPhone
		{E1278260-FD06-4001-97F6-A8731FE1D9AA}.Debug|iPhoneSimulator.ActiveCfg = Debug|iPhoneSimulator
		{E1278260-FD06-4001-97F6-A8731FE1D9AA}.Debug|iPhoneSimulator.Build.0 = Debug|iPhoneSimulator
		{E1278260-FD06-4001-97F6-A8731FE1D9AA}.Debug|x64.ActiveCfg = Debug|iPhone
		{E1278260-FD06-4001-97F6-A8731FE1D9AA}.Debug|x86.ActiveCfg = Debug|iPhone
		{E1278260-FD06-4001-97F6-A8731FE1D9AA}.Release|Any CPU.ActiveCfg = Release|iPhone
		{E1278260-FD06-4001-97F6-A8731FE1D9AA}.Release|ARM.ActiveCfg = Release|iPhone
		{E1278260-FD06-4001-97F6-A8731FE1D9AA}.Release|iPhone.ActiveCfg = Release|iPhone
		{E1278260-FD06-4001-97F6-A8731FE1D9AA}.Release|iPhone.Build.0 = Release|iPhone
		{E1278260-FD06-4001-97F6-A8731FE1D9AA}.Release|iPhoneSimulator.ActiveCfg = Release|iPhoneSimulator
		{E1278260-FD06-4001-97F6-A8731FE1D9AA}.Release|iPhoneSimulator.Build.0 = Release|iPhoneSimulator
		{E1278260-FD06-4001-97F6-A8731FE1D9AA}.Release|x64.ActiveCfg = Release|iPhone
		{E1278260-FD06-4001-97F6-A8731FE1D9AA}.Release|x86.ActiveCfg = Release|iPhone
	EndGlobalSection
	GlobalSection(SolutionProperties) = preSolution
		HideSolutionNode = FALSE
	EndGlobalSection
	GlobalSection(ExtensibilityGlobals) = postSolution
		SolutionGuid = {146CB07E-94A3-492F-B0FA-53AE5DE83EE3}
	EndGlobalSection
EndGlobal
